
Microsoft Visual Studio Solution File, Format Version 12.00
# Visual Studio Version 16
VisualStudioVersion = 16.0.33214.272
MinimumVisualStudioVersion = 10.0.40219.1
Project("{FAE04EC0-301F-11D3-BF4B-00C04F79EFBC}") = "WebApplication1", "WebApplication1\WebApplication1.csproj", "{215B9443-69A7-409B-AAE2-99C2FC8D40D6}"
EndProject
Project("{FAE04EC0-301F-11D3-BF4B-00C04F79EFBC}") = "Models", "Models\Models.csproj", "{98D97DF7-FAEE-4959-945E-08134AFDFC8C}"
EndProject
Global
	GlobalSection(SolutionConfigurationPlatforms) = preSolution
		Debug|Any CPU = Debug|Any CPU
		Release|Any CPU = Release|Any CPU
	EndGlobalSection
	GlobalSection(ProjectConfigurationPlatforms) = postSolution
		{215B9443-69A7-409B-AAE2-99C2FC8D40D6}.Debug|Any CPU.ActiveCfg = Debug|Any CPU
		{215B9443-69A7-409B-AAE2-99C2FC8D40D6}.Debug|Any CPU.Build.0 = Debug|Any CPU
		{215B9443-69A7-409B-AAE2-99C2FC8D40D6}.Release|Any CPU.ActiveCfg = Release|Any CPU
		{215B9443-69A7-409B-AAE2-99C2FC8D40D6}.Release|Any CPU.Build.0 = Release|Any CPU
		{98D97DF7-FAEE-4959-945E-08134AFDFC8C}.Debug|Any CPU.ActiveCfg = Debug|Any CPU
		{98D97DF7-FAEE-4959-945E-08134AFDFC8C}.Debug|Any CPU.Build.0 = Debug|Any CPU
		{98D97DF7-FAEE-4959-945E-08134AFDFC8C}.Release|Any CPU.ActiveCfg = Release|Any CPU
		{98D97DF7-FAEE-4959-945E-08134AFDFC8C}.Release|Any CPU.Build.0 = Release|Any CPU
	EndGlobalSection
	GlobalSection(SolutionProperties) = preSolution
		HideSolutionNode = FALSE
	EndGlobalSection
	GlobalSection(ExtensibilityGlobals) = postSolution
		SolutionGuid = {BE275B65-7C06-4A4B-A720-233C0FD0F17A}
	EndGlobalSection
EndGlobal
